PODS:
  - Alamofire (5.8.1)
  - Moya (15.0.0):
    - Moya/Core (= 15.0.0)
  - Moya/Core (15.0.0):
    - Alamofire (~> 5.0)
  - Moya/ReactiveSwift (15.0.0):
    - Moya/Core
    - ReactiveSwift (~> 6.6.1)
  - Moya/RxSwift (15.0.0):
    - Moya/Core
    - RxSwift (~> 6.0)
  - ReactiveSwift (6.6.1)
  - RxCocoa (6.6.0):
    - RxRelay (= 6.6.0)
    - RxSwift (= 6.6.0)
  - RxOptional (5.0.2):
    - RxCocoa (~> 6.0)
    - RxSwift (~> 6.0)
  - RxRelay (6.6.0):
    - RxSwift (= 6.6.0)
  - RxSwift (6.6.0)
  - SDWebImage (5.18.8):
    - SDWebImage/Core (= 5.18.8)
  - SDWebImage/Core (5.18.8)
  - SnapKit (5.6.0)
  - Toaster (2.3.0)

DEPENDENCIES:
  - Moya
  - Moya/ReactiveSwift
  - Moya/RxSwift
  - RxCocoa
  - RxOptional
  - RxSwift
  - SDWebImage
  - SnapKit
  - Toaster

SPEC REPOS:
  trunk:
    - Alamofire
    - Moya
    - ReactiveSwift
    - RxCocoa
    - RxOptional
    - RxRelay
    - RxSwift
    - SDWebImage
    - SnapKit
    - Toaster

SPEC CHECKSUMS:
  Alamofire: 3ca42e259043ee0dc5c0cdd76c4bc568b8e42af7
  Moya: 138f0573e53411fb3dc17016add0b748dfbd78ee
  ReactiveSwift: fab34244ad908808dc822bae352a058c8837c4ca
  RxCocoa: 44a80de90e25b739b5aeaae3c8c371a32e3343cc
  RxOptional: 3664964c96b69dd20c9cf78bdfe546615e26eca8
  RxRelay: 45eaa5db8ee4fb50e5ebd57deec0159e97fa51e6
  RxSwift: a4b44f7d24599f674deebd1818eab82e58410632
  SDWebImage: a81bbb3ba4ea5f810f4069c68727cb118467a04a
  SnapKit: e01d52ebb8ddbc333eefe2132acf85c8227d9c25
  Toaster: c3473963c78e8cabbf6ea6f11ad0fdaae6f54987

PODFILE CHECKSUM: 2f8e351623018ff062ff6d1c8dc396b0b932dd2e

COCOAPODS: 1.11.2
